Microsoft Visual Studio Solution File, Format Version 12.00
# Visual Studio 2012
Project("{FAE04EC0-301F-11D3-BF4B-00C04F79EFBC}") = "aprendendo_godot", "aprendendo_godot.csproj", "{AAB1FC26-A7F9-44B9-8FF5-E79E843A9DDE}"
EndProject
Global
	GlobalSection(SolutionConfigurationPlatforms) = preSolution
	Debug|Any CPU = Debug|Any CPU
	ExportDebug|Any CPU = ExportDebug|Any CPU
	ExportRelease|Any CPU = ExportRelease|Any CPU
	EndGlobalSection
	GlobalSection(ProjectConfigurationPlatforms) = postSolution
		{AAB1FC26-A7F9-44B9-8FF5-E79E843A9DDE}.Debug|Any CPU.ActiveCfg = Debug|Any CPU
		{AAB1FC26-A7F9-44B9-8FF5-E79E843A9DDE}.Debug|Any CPU.Build.0 = Debug|Any CPU
		{AAB1FC26-A7F9-44B9-8FF5-E79E843A9DDE}.ExportDebug|Any CPU.ActiveCfg = ExportDebug|Any CPU
		{AAB1FC26-A7F9-44B9-8FF5-E79E843A9DDE}.ExportDebug|Any CPU.Build.0 = ExportDebug|Any CPU
		{AAB1FC26-A7F9-44B9-8FF5-E79E843A9DDE}.ExportRelease|Any CPU.ActiveCfg = ExportRelease|Any CPU
		{AAB1FC26-A7F9-44B9-8FF5-E79E843A9DDE}.ExportRelease|Any CPU.Build.0 = ExportRelease|Any CPU
	EndGlobalSection
EndGlobal
